# This file is automatically @generated by Cargo.
# It is not intended for manual editing.
version = 4

[[package]]
name = "bitflags"
version = "2.10.0"
source = "registry+https://github.com/rust-lang/crates.io-index"
checksum = "812e12b5285cc515a9c72a5c1d3b6d46a19dac5acfef5265968c166106e31dd3"

[[package]]
name = "clack-common"
version = "0.1.0"
source = "git+https://github.com/prokopyl/clack.git#57e89b356f16194a04fa03cc5c5a87d88db560c7"
dependencies = [
 "bitflags",
 "clap-sys",
]

[[package]]
name = "clack-plugin"
version = "0.1.0"
source = "git+https://github.com/prokopyl/clack.git#57e89b356f16194a04fa03cc5c5a87d88db560c7"
dependencies = [
 "clack-common",
 "clap-sys",
]

[[package]]
name = "clap-sys"
version = "0.5.0"
source = "registry+https://github.com/rust-lang/crates.io-index"
checksum = "a76abbdb2907f6fd97fb6bc0b7be96b77d328f2dd9669d1075cc03369ed22154"

[[package]]
name = "sonant"
version = "0.1.0"
dependencies = [
 "clack-plugin",
]
